// !$*UTF8*$!
{
	archiveVersion = 1;
	classes = {
	};
	objectVersion = 46;
	objects = {

/* Begin PBXBuildFile section */
		6607912E1CDB442A00895C8A /* AppDelegate.swift in Sources */ = {isa = PBXBuildFile; fileRef = 6607912D1CDB442A00895C8A /* AppDelegate.swift */; };
		660791301CDB442A00895C8A /* ViewController.swift in Sources */ = {isa = PBXBuildFile; fileRef = 6607912F1CDB442A00895C8A /* ViewController.swift */; };
		660791331CDB442B00895C8A /* Main.storyboard in Resources */ = {isa = PBXBuildFile; fileRef = 660791311CDB442B00895C8A /* Main.storyboard */; };
		660791351CDB442B00895C8A /* Assets.xcassets in Resources */ = {isa = PBXBuildFile; fileRef = 660791341CDB442B00895C8A /* Assets.xcassets */; };
		660791381CDB442B00895C8A /* LaunchScreen.storyboard in Resources */ = {isa = PBXBuildFile; fileRef = 660791361CDB442B00895C8A /* LaunchScreen.storyboard */; };
		660791401CDB443E00895C8A /* File.swift in Sources */ = {isa = PBXBuildFile; fileRef = 6607913F1CDB443E00895C8A /* File.swift */; };
/* End PBXBuildFile section */

/* Begin PBXFileReference section */
		6607912A1CDB442A00895C8A /* AsyncExersize.app */ = {isa = PBXFileReference; explicitFileType = wrapper.application; includeInIndex = 0; path = AsyncExersize.app; sourceTree = BUILT_PRODUCTS_DIR; };
		6607912D1CDB442A00895C8A /* AppDelegate.swift */ = {isa = PBXFileReference; lastKnownFileType = sourcecode.swift; path = AppDelegate.swift; sourceTree = "<group>"; };
		6607912F1CDB442A00895C8A /* ViewController.swift */ = {isa = PBXFileReference; lastKnownFileType = sourcecode.swift; path = ViewController.swift; sourceTree = "<group>"; };
		660791321CDB442B00895C8A /* Base */ = {isa = PBXFileReference; lastKnownFileType = file.storyboard; name = Base; path = Base.lproj/Main.storyboard; sourceTree = "<group>"; };
		660791341CDB442B00895C8A /* Assets.xcassets */ = {isa = PBXFileReference; lastKnownFileType = folder.assetcatalog; path = Assets.xcassets; sourceTree = "<group>"; };
		660791371CDB442B00895C8A /* Base */ = {isa = PBXFileReference; lastKnownFileType = file.storyboard; name = Base; path = Base.lproj/LaunchScreen.storyboard; sourceTree = "<group>"; };
		660791391CDB442B00895C8A /* Info.plist */ = {isa = PBXFileReference; lastKnownFileType = text.plist.xml; path = Info.plist; sourceTree = "<group>"; };
		6607913F1CDB443E00895C8A /* File.swift */ = {isa = PBXFileReference; fileEncoding = 4; lastKnownFileType = sourcecode.swift; path = File.swift; sourceTree = "<group>"; };
/* End PBXFileReference section */

/* Begin PBXFrameworksBuildPhase section */
		660791271CDB442A00895C8A /* Frameworks */ = {
			isa = PBXFrameworksBuildPhase;
			buildActionMask = 2147483647;
			files = (
			);
			runOnlyForDeploymentPostprocessing = 0;
		};
/* End PBXFrameworksBuildPhase section */

/* Begin PBXGroup section */
		660791211CDB442A00895C8A = {
			isa = PBXGroup;
			children = (
				6607912C1CDB442A00895C8A /* AsyncExersize */,
				6607912B1CDB442A00895C8A /* Products */,
			);
			sourceTree = "<group>";
		};
		6607912B1CDB442A00895C8A /* Products */ = {
			isa = PBXGroup;
			children = (
				6607912A1CDB442A00895C8A /* AsyncExersize.app */,
			);
			name = Products;
			sourceTree = "<group>";
		};
		6607912C1CDB442A00895C8A /* AsyncExersize */ = {
			isa = PBXGroup;
			children = (
				6607912D1CDB442A00895C8A /* AppDelegate.swift */,
				6607912F1CDB442A00895C8A /* ViewController.swift */,
				660791311CDB442B00895C8A /* Main.storyboard */,
				660791341CDB442B00895C8A /* Assets.xcassets */,
				660791361CDB442B00895C8A /* LaunchScreen.storyboard */,
				660791391CDB442B00895C8A /* Info.plist */,
				6607913F1CDB443E00895C8A /* File.swift */,
			);
			path = AsyncExersize;
			sourceTree = "<group>";
		};
/* End PBXGroup section */

/* Begin PBXNativeTarget section */
		660791291CDB442A00895C8A /* AsyncExersize */ = {
			isa = PBXNativeTarget;
			buildConfigurationList = 6607913C1CDB442B00895C8A /* Build configuration list for PBXNativeTarget "AsyncExersize" */;
			buildPhases = (
				660791261CDB442A00895C8A /* Sources */,
				660791271CDB442A00895C8A /* Frameworks */,
				660791281CDB442A00895C8A /* Resources */,
			);
			buildRules = (
			);
			dependencies = (
			);
			name = AsyncExersize;
			productName = AsyncExersize;
			productReference = 6607912A1CDB442A00895C8A /* AsyncExersize.app */;
			productType = "com.apple.product-type.application";
		};
/* End PBXNativeTarget section */

/* Begin PBXProject section */
		660791221CDB442A00895C8A /* Project object */ = {
			isa = PBXProject;
			attributes = {
				LastSwiftUpdateCheck = 0730;
				LastUpgradeCheck = 0730;
				ORGANIZATIONNAME = "Haitham Slaibi";
				TargetAttributes = {
					660791291CDB442A00895C8A = {
						CreatedOnToolsVersion = 7.3;
					};
				};
			};
			buildConfigurationList = 660791251CDB442A00895C8A /* Build configuration list for PBXProject "AsyncExersize" */;
			compatibilityVersion = "Xcode 3.2";
			developmentRegion = English;
			hasScannedForEncodings = 0;
			knownRegions = (
				en,
				Base,
			);
			mainGroup = 660791211CDB442A00895C8A;
			productRefGroup = 6607912B1CDB442A00895C8A /* Products */;
			projectDirPath = "";
			projectRoot = "";
			targets = (
				660791291CDB442A00895C8A /* AsyncExersize */,
			);
		};
/* End PBXProject section */

/* Begin PBXResourcesBuildPhase section */
		660791281CDB442A00895C8A /* Resources */ = {
			isa = PBXResourcesBuildPhase;
			buildActionMask = 2147483647;
			files = (
				660791381CDB442B00895C8A /* LaunchScreen.storyboard in Resources */,
				660791351CDB442B00895C8A /* Assets.xcassets in Resources */,
				660791331CDB442B00895C8A /* Main.storyboard in Resources */,
			);
			runOnlyForDeploymentPostprocessing = 0;
		};
/* End PBXResourcesBuildPhase section */

/* Begin PBXSourcesBuildPhase section */
		660791261CDB442A00895C8A /* Sources */ = {
			isa = PBXSourcesBuildPhase;
			buildActionMask = 2147483647;
			files = (
				660791301CDB442A00895C8A /* ViewController.swift in Sources */,
				660791401CDB443E00895C8A /* File.swift in Sources */,
				6607912E1CDB442A00895C8A /* AppDelegate.swift in Sources */,
			);
			runOnlyForDeploymentPostprocessing = 0;
		};
/* End PBXSourcesBuildPhase section */

/* Begin PBXVariantGroup section */
		660791311CDB442B00895C8A /* Main.storyboard */ = {
			isa = PBXVariantGroup;
			children = (
				660791321CDB442B00895C8A /* Base */,
			);
			name = Main.storyboard;
			sourceTree = "<group>";
		};
		660791361CDB442B00895C8A /* LaunchScreen.storyboard */ = {
			isa = PBXVariantGroup;
			children = (
				660791371CDB442B00895C8A /* Base */,
			);
			name = LaunchScreen.storyboard;
			sourceTree = "<group>";
		};
/* End PBXVariantGroup section */

/* Begin XCBuildConfiguration section */
		6607913A1CDB442B00895C8A /* Debug */ = {
			isa = XCBuildConfiguration;
			buildSettings = {
				ALWAYS_SEARCH_USER_PATHS = NO;
				CLANG_ANALYZER_NONNULL = YES;
				CLANG_CXX_LANGUAGE_STANDARD = "gnu++0x";
				CLANG_CXX_LIBRARY = "libc++";
				CLANG_ENABLE_MODULES = YES;
				CLANG_ENABLE_OBJC_ARC = YES;
				CLANG_WARN_BOOL_CONVERSION = YES;
				CLANG_WARN_CONSTANT_CONVERSION = YES;
				CLANG_WARN_DIRECT_OBJC_ISA_USAGE = YES_ERROR;
				CLANG_WARN_EMPTY_BODY = YES;
				CLANG_WARN_ENUM_CONVERSION = YES;
				CLANG_WARN_INT_CONVERSION = YES;
				CLANG_WARN_OBJC_ROOT_CLASS = YES_ERROR;
				CLANG_WARN_UNREACHABLE_CODE = YES;
				CLANG_WARN__DUPLICATE_METHOD_MATCH = YES;
				"CODE_SIGN_IDENTITY[sdk=iphoneos*]" = "iPhone Developer";
				COPY_PHASE_STRIP = NO;
				DEBUG_INFORMATION_FORMAT = dwarf;
				ENABLE_STRICT_OBJC_MSGSEND = YES;
				ENABLE_TESTABILITY = YES;
				GCC_C_LANGUAGE_STANDARD = gnu99;
				GCC_DYNAMIC_NO_PIC = NO;
				GCC_NO_COMMON_BLOCKS = YES;
				GCC_OPTIMIZATION_LEVEL = 0;
				GCC_PREPROCESSOR_DEFINITIONS = (
					"DEBUG=1",
					"$(inherited)",
				);
				GCC_WARN_64_TO_32_BIT_CONVERSION = YES;
				GCC_WARN_ABOUT_RETURN_TYPE = YES_ERROR;
				GCC_WARN_UNDECLARED_SELECTOR = YES;
				GCC_WARN_UNINITIALIZED_AUTOS = YES_AGGRESSIVE;
				GCC_WARN_UNUSED_FUNCTION = YES;
				GCC_WARN_UNUSED_VARIABLE = YES;
				IPHONEOS_DEPLOYMENT_TARGET = 9.3;
				MTL_ENABLE_DEBUG_INFO = YES;
				ONLY_ACTIVE_ARCH = YES;
				SDKROOT = iphoneos;
				SWIFT_OPTIMIZATION_LEVEL = "-Onone";
				TARGETED_DEVICE_FAMILY = "1,2";
			};
			name = Debug;
		};
		6607913B1CDB442B00895C8A /* Release */ = {
			isa = XCBuildConfiguration;
			buildSettings = {
				ALWAYS_SEARCH_USER_PATHS = NO;
				CLANG_ANALYZER_NONNULL = YES;
				CLANG_CXX_LANGUAGE_STANDARD = "gnu++0x";
				CLANG_CXX_LIBRARY = "libc++";
				CLANG_ENABLE_MODULES = YES;
				CLANG_ENABLE_OBJC_ARC = YES;
				CLANG_WARN_BOOL_CONVERSION = YES;
				CLANG_WARN_CONSTANT_CONVERSION = YES;
				CLANG_WARN_DIRECT_OBJC_ISA_USAGE = YES_ERROR;
				CLANG_WARN_EMPTY_BODY = YES;
				CLANG_WARN_ENUM_CONVERSION = YES;
				CLANG_WARN_INT_CONVERSION = YES;
				CLANG_WARN_OBJC_ROOT_CLASS = YES_ERROR;
				CLANG_WARN_UNREACHABLE_CODE = YES;
				CLANG_WARN__DUPLICATE_METHOD_MATCH = YES;
				"CODE_SIGN_IDENTITY[sdk=iphoneos*]" = "iPhone Developer";
				COPY_PHASE_STRIP = NO;
				DEBUG_INFORMATION_FORMAT = "dwarf-with-dsym";
				ENABLE_NS_ASSERTIONS = NO;
				ENABLE_STRICT_OBJC_MSGSEND = YES;
				GCC_C_LANGUAGE_STANDARD = gnu99;
				GCC_NO_COMMON_BLOCKS = YES;
				GCC_WARN_64_TO_32_BIT_CONVERSION = YES;
				GCC_WARN_ABOUT_RETURN_TYPE = YES_ERROR;
				GCC_WARN_UNDECLARED_SELECTOR = YES;
				GCC_WARN_UNINITIALIZED_AUTOS = YES_AGGRESSIVE;
				GCC_WARN_UNUSED_FUNCTION = YES;
				GCC_WARN_UNUSED_VARIABLE = YES;
				IPHONEOS_DEPLOYMENT_TARGET = 9.3;
				MTL_ENABLE_DEBUG_INFO = NO;
				SDKROOT = iphoneos;
				TARGETED_DEVICE_FAMILY = "1,2";
				VALIDATE_PRODUCT = YES;
			};
			name = Release;
		};
		6607913D1CDB442B00895C8A /* Debug */ = {
			isa = XCBuildConfiguration;
			buildSettings = {
				ASSETCATALOG_COMPILER_APPICON_NAME = AppIcon;
				INFOPLIST_FILE = AsyncExersize/Info.plist;
				LD_RUNPATH_SEARCH_PATHS = "$(inherited) @executable_path/Frameworks";
				PRODUCT_BUNDLE_IDENTIFIER = Hs.AsyncExersize;
				PRODUCT_NAME = "$(TARGET_NAME)";
			};
			name = Debug;
		};
		6607913E1CDB442B00895C8A /* Release */ = {
			isa = XCBuildConfiguration;
			buildSettings = {
				ASSETCATALOG_COMPILER_APPICON_NAME = AppIcon;
				INFOPLIST_FILE = AsyncExersize/Info.plist;
				LD_RUNPATH_SEARCH_PATHS = "$(inherited) @executable_path/Frameworks";
				PRODUCT_BUNDLE_IDENTIFIER = Hs.AsyncExersize;
				PRODUCT_NAME = "$(TARGET_NAME)";
			};
			name = Release;
		};
/* End XCBuildConfiguration section */

/* Begin XCConfigurationList section */
		660791251CDB442A00895C8A /* Build configuration list for PBXProject "AsyncExersize" */ = {
			isa = XCConfigurationList;
			buildConfigurations = (
				6607913A1CDB442B00895C8A /* Debug */,
				6607913B1CDB442B00895C8A /* Release */,
			);
			defaultConfigurationIsVisible = 0;
			defaultConfigurationName = Release;
		};
		6607913C1CDB442B00895C8A /* Build configuration list for PBXNativeTarget "AsyncExersize" */ = {
			isa = XCConfigurationList;
			buildConfigurations = (
				6607913D1CDB442B00895C8A /* Debug */,
				6607913E1CDB442B00895C8A /* Release */,
			);
			defaultConfigurationIsVisible = 0;
		};
/* End XCConfigurationList section */
	};
	rootObject = 660791221CDB442A00895C8A /* Project object */;
}
