// !$*UTF8*$!
{
	archiveVersion = 1;
	classes = {
	};
	objectVersion = 46;
	objects = {

/* Begin PBXBuildFile section */
		6D2E684E1CB64F960026BD4B /* AppDelegate.swift in Sources */ = {isa = PBXBuildFile; fileRef = 6D2E684D1CB64F960026BD4B /* AppDelegate.swift */; };
		6D2E68501CB64F960026BD4B /* ViewController.swift in Sources */ = {isa = PBXBuildFile; fileRef = 6D2E684F1CB64F960026BD4B /* ViewController.swift */; };
		6D2E68531CB64F960026BD4B /* Main.storyboard in Resources */ = {isa = PBXBuildFile; fileRef = 6D2E68511CB64F960026BD4B /* Main.storyboard */; };
		6D2E68551CB64F960026BD4B /* Assets.xcassets in Resources */ = {isa = PBXBuildFile; fileRef = 6D2E68541CB64F960026BD4B /* Assets.xcassets */; };
		6D2E68581CB64F960026BD4B /* LaunchScreen.storyboard in Resources */ = {isa = PBXBuildFile; fileRef = 6D2E68561CB64F960026BD4B /* LaunchScreen.storyboard */; };
		6D2E68621CB6599E0026BD4B /* imageViewController.swift in Sources */ = {isa = PBXBuildFile; fileRef = 6D2E68611CB6599E0026BD4B /* imageViewController.swift */; };
		6D2E68641CB66A1A0026BD4B /* Utils.swift in Sources */ = {isa = PBXBuildFile; fileRef = 6D2E68631CB66A1A0026BD4B /* Utils.swift */; };
/* End PBXBuildFile section */

/* Begin PBXFileReference section */
		6D2E684A1CB64F960026BD4B /* movingBetweenScreens.app */ = {isa = PBXFileReference; explicitFileType = wrapper.application; includeInIndex = 0; path = movingBetweenScreens.app; sourceTree = BUILT_PRODUCTS_DIR; };
		6D2E684D1CB64F960026BD4B /* AppDelegate.swift */ = {isa = PBXFileReference; lastKnownFileType = sourcecode.swift; path = AppDelegate.swift; sourceTree = "<group>"; };
		6D2E684F1CB64F960026BD4B /* ViewController.swift */ = {isa = PBXFileReference; lastKnownFileType = sourcecode.swift; path = ViewController.swift; sourceTree = "<group>"; };
		6D2E68521CB64F960026BD4B /* Base */ = {isa = PBXFileReference; lastKnownFileType = file.storyboard; name = Base; path = Base.lproj/Main.storyboard; sourceTree = "<group>"; };
		6D2E68541CB64F960026BD4B /* Assets.xcassets */ = {isa = PBXFileReference; lastKnownFileType = folder.assetcatalog; path = Assets.xcassets; sourceTree = "<group>"; };
		6D2E68571CB64F960026BD4B /* Base */ = {isa = PBXFileReference; lastKnownFileType = file.storyboard; name = Base; path = Base.lproj/LaunchScreen.storyboard; sourceTree = "<group>"; };
		6D2E68591CB64F960026BD4B /* Info.plist */ = {isa = PBXFileReference; lastKnownFileType = text.plist.xml; path = Info.plist; sourceTree = "<group>"; };
		6D2E68611CB6599E0026BD4B /* imageViewController.swift */ = {isa = PBXFileReference; fileEncoding = 4; lastKnownFileType = sourcecode.swift; path = imageViewController.swift; sourceTree = "<group>"; };
		6D2E68631CB66A1A0026BD4B /* Utils.swift */ = {isa = PBXFileReference; fileEncoding = 4; lastKnownFileType = sourcecode.swift; path = Utils.swift; sourceTree = "<group>"; };
/* End PBXFileReference section */

/* Begin PBXFrameworksBuildPhase section */
		6D2E68471CB64F960026BD4B /* Frameworks */ = {
			isa = PBXFrameworksBuildPhase;
			buildActionMask = 2147483647;
			files = (
			);
			runOnlyForDeploymentPostprocessing = 0;
		};
/* End PBXFrameworksBuildPhase section */

/* Begin PBXGroup section */
		6D2E68411CB64F960026BD4B = {
			isa = PBXGroup;
			children = (
				6D2E684C1CB64F960026BD4B /* movingBetweenScreens */,
				6D2E684B1CB64F960026BD4B /* Products */,
			);
			sourceTree = "<group>";
		};
		6D2E684B1CB64F960026BD4B /* Products */ = {
			isa = PBXGroup;
			children = (
				6D2E684A1CB64F960026BD4B /* movingBetweenScreens.app */,
			);
			name = Products;
			sourceTree = "<group>";
		};
		6D2E684C1CB64F960026BD4B /* movingBetweenScreens */ = {
			isa = PBXGroup;
			children = (
				6D2E684D1CB64F960026BD4B /* AppDelegate.swift */,
				6D2E684F1CB64F960026BD4B /* ViewController.swift */,
				6D2E68511CB64F960026BD4B /* Main.storyboard */,
				6D2E68541CB64F960026BD4B /* Assets.xcassets */,
				6D2E68561CB64F960026BD4B /* LaunchScreen.storyboard */,
				6D2E68591CB64F960026BD4B /* Info.plist */,
				6D2E68611CB6599E0026BD4B /* imageViewController.swift */,
				6D2E68631CB66A1A0026BD4B /* Utils.swift */,
			);
			path = movingBetweenScreens;
			sourceTree = "<group>";
		};
/* End PBXGroup section */

/* Begin PBXNativeTarget section */
		6D2E68491CB64F960026BD4B /* movingBetweenScreens */ = {
			isa = PBXNativeTarget;
			buildConfigurationList = 6D2E685C1CB64F960026BD4B /* Build configuration list for PBXNativeTarget "movingBetweenScreens" */;
			buildPhases = (
				6D2E68461CB64F960026BD4B /* Sources */,
				6D2E68471CB64F960026BD4B /* Frameworks */,
				6D2E68481CB64F960026BD4B /* Resources */,
			);
			buildRules = (
			);
			dependencies = (
			);
			name = movingBetweenScreens;
			productName = movingBetweenScreens;
			productReference = 6D2E684A1CB64F960026BD4B /* movingBetweenScreens.app */;
			productType = "com.apple.product-type.application";
		};
/* End PBXNativeTarget section */

/* Begin PBXProject section */
		6D2E68421CB64F960026BD4B /* Project object */ = {
			isa = PBXProject;
			attributes = {
				LastSwiftUpdateCheck = 0730;
				LastUpgradeCheck = 0730;
				ORGANIZATIONNAME = HackerU;
				TargetAttributes = {
					6D2E68491CB64F960026BD4B = {
						CreatedOnToolsVersion = 7.3;
					};
				};
			};
			buildConfigurationList = 6D2E68451CB64F960026BD4B /* Build configuration list for PBXProject "movingBetweenScreens" */;
			compatibilityVersion = "Xcode 3.2";
			developmentRegion = English;
			hasScannedForEncodings = 0;
			knownRegions = (
				en,
				Base,
			);
			mainGroup = 6D2E68411CB64F960026BD4B;
			productRefGroup = 6D2E684B1CB64F960026BD4B /* Products */;
			projectDirPath = "";
			projectRoot = "";
			targets = (
				6D2E68491CB64F960026BD4B /* movingBetweenScreens */,
			);
		};
/* End PBXProject section */

/* Begin PBXResourcesBuildPhase section */
		6D2E68481CB64F960026BD4B /* Resources */ = {
			isa = PBXResourcesBuildPhase;
			buildActionMask = 2147483647;
			files = (
				6D2E68581CB64F960026BD4B /* LaunchScreen.storyboard in Resources */,
				6D2E68551CB64F960026BD4B /* Assets.xcassets in Resources */,
				6D2E68531CB64F960026BD4B /* Main.storyboard in Resources */,
			);
			runOnlyForDeploymentPostprocessing = 0;
		};
/* End PBXResourcesBuildPhase section */

/* Begin PBXSourcesBuildPhase section */
		6D2E68461CB64F960026BD4B /* Sources */ = {
			isa = PBXSourcesBuildPhase;
			buildActionMask = 2147483647;
			files = (
				6D2E68621CB6599E0026BD4B /* imageViewController.swift in Sources */,
				6D2E68641CB66A1A0026BD4B /* Utils.swift in Sources */,
				6D2E68501CB64F960026BD4B /* ViewController.swift in Sources */,
				6D2E684E1CB64F960026BD4B /* AppDelegate.swift in Sources */,
			);
			runOnlyForDeploymentPostprocessing = 0;
		};
/* End PBXSourcesBuildPhase section */

/* Begin PBXVariantGroup section */
		6D2E68511CB64F960026BD4B /* Main.storyboard */ = {
			isa = PBXVariantGroup;
			children = (
				6D2E68521CB64F960026BD4B /* Base */,
			);
			name = Main.storyboard;
			sourceTree = "<group>";
		};
		6D2E68561CB64F960026BD4B /* LaunchScreen.storyboard */ = {
			isa = PBXVariantGroup;
			children = (
				6D2E68571CB64F960026BD4B /* Base */,
			);
			name = LaunchScreen.storyboard;
			sourceTree = "<group>";
		};
/* End PBXVariantGroup section */

/* Begin XCBuildConfiguration section */
		6D2E685A1CB64F960026BD4B /* Debug */ = {
			isa = XCBuildConfiguration;
			buildSettings = {
				ALWAYS_SEARCH_USER_PATHS = NO;
				CLANG_ANALYZER_NONNULL = YES;
				CLANG_CXX_LANGUAGE_STANDARD = "gnu++0x";
				CLANG_CXX_LIBRARY = "libc++";
				CLANG_ENABLE_MODULES = YES;
				CLANG_ENABLE_OBJC_ARC = YES;
				CLANG_WARN_BOOL_CONVERSION = YES;
				CLANG_WARN_CONSTANT_CONVERSION = YES;
				CLANG_WARN_DIRECT_OBJC_ISA_USAGE = YES_ERROR;
				CLANG_WARN_EMPTY_BODY = YES;
				CLANG_WARN_ENUM_CONVERSION = YES;
				CLANG_WARN_INT_CONVERSION = YES;
				CLANG_WARN_OBJC_ROOT_CLASS = YES_ERROR;
				CLANG_WARN_UNREACHABLE_CODE = YES;
				CLANG_WARN__DUPLICATE_METHOD_MATCH = YES;
				"CODE_SIGN_IDENTITY[sdk=iphoneos*]" = "iPhone Developer";
				COPY_PHASE_STRIP = NO;
				DEBUG_INFORMATION_FORMAT = dwarf;
				ENABLE_STRICT_OBJC_MSGSEND = YES;
				ENABLE_TESTABILITY = YES;
				GCC_C_LANGUAGE_STANDARD = gnu99;
				GCC_DYNAMIC_NO_PIC = NO;
				GCC_NO_COMMON_BLOCKS = YES;
				GCC_OPTIMIZATION_LEVEL = 0;
				GCC_PREPROCESSOR_DEFINITIONS = (
					"DEBUG=1",
					"$(inherited)",
				);
				GCC_WARN_64_TO_32_BIT_CONVERSION = YES;
				GCC_WARN_ABOUT_RETURN_TYPE = YES_ERROR;
				GCC_WARN_UNDECLARED_SELECTOR = YES;
				GCC_WARN_UNINITIALIZED_AUTOS = YES_AGGRESSIVE;
				GCC_WARN_UNUSED_FUNCTION = YES;
				GCC_WARN_UNUSED_VARIABLE = YES;
				IPHONEOS_DEPLOYMENT_TARGET = 9.3;
				MTL_ENABLE_DEBUG_INFO = YES;
				ONLY_ACTIVE_ARCH = YES;
				SDKROOT = iphoneos;
				SWIFT_OPTIMIZATION_LEVEL = "-Onone";
			};
			name = Debug;
		};
		6D2E685B1CB64F960026BD4B /* Release */ = {
			isa = XCBuildConfiguration;
			buildSettings = {
				ALWAYS_SEARCH_USER_PATHS = NO;
				CLANG_ANALYZER_NONNULL = YES;
				CLANG_CXX_LANGUAGE_STANDARD = "gnu++0x";
				CLANG_CXX_LIBRARY = "libc++";
				CLANG_ENABLE_MODULES = YES;
				CLANG_ENABLE_OBJC_ARC = YES;
				CLANG_WARN_BOOL_CONVERSION = YES;
				CLANG_WARN_CONSTANT_CONVERSION = YES;
				CLANG_WARN_DIRECT_OBJC_ISA_USAGE = YES_ERROR;
				CLANG_WARN_EMPTY_BODY = YES;
				CLANG_WARN_ENUM_CONVERSION = YES;
				CLANG_WARN_INT_CONVERSION = YES;
				CLANG_WARN_OBJC_ROOT_CLASS = YES_ERROR;
				CLANG_WARN_UNREACHABLE_CODE = YES;
				CLANG_WARN__DUPLICATE_METHOD_MATCH = YES;
				"CODE_SIGN_IDENTITY[sdk=iphoneos*]" = "iPhone Developer";
				COPY_PHASE_STRIP = NO;
				DEBUG_INFORMATION_FORMAT = "dwarf-with-dsym";
				ENABLE_NS_ASSERTIONS = NO;
				ENABLE_STRICT_OBJC_MSGSEND = YES;
				GCC_C_LANGUAGE_STANDARD = gnu99;
				GCC_NO_COMMON_BLOCKS = YES;
				GCC_WARN_64_TO_32_BIT_CONVERSION = YES;
				GCC_WARN_ABOUT_RETURN_TYPE = YES_ERROR;
				GCC_WARN_UNDECLARED_SELECTOR = YES;
				GCC_WARN_UNINITIALIZED_AUTOS = YES_AGGRESSIVE;
				GCC_WARN_UNUSED_FUNCTION = YES;
				GCC_WARN_UNUSED_VARIABLE = YES;
				IPHONEOS_DEPLOYMENT_TARGET = 9.3;
				MTL_ENABLE_DEBUG_INFO = NO;
				SDKROOT = iphoneos;
				VALIDATE_PRODUCT = YES;
			};
			name = Release;
		};
		6D2E685D1CB64F960026BD4B /* Debug */ = {
			isa = XCBuildConfiguration;
			buildSettings = {
				ASSETCATALOG_COMPILER_APPICON_NAME = AppIcon;
				INFOPLIST_FILE = movingBetweenScreens/Info.plist;
				LD_RUNPATH_SEARCH_PATHS = "$(inherited) @executable_path/Frameworks";
				PRODUCT_BUNDLE_IDENTIFIER = edu.alexa.hackeru.movingBetweenScreens;
				PRODUCT_NAME = "$(TARGET_NAME)";
			};
			name = Debug;
		};
		6D2E685E1CB64F960026BD4B /* Release */ = {
			isa = XCBuildConfiguration;
			buildSettings = {
				ASSETCATALOG_COMPILER_APPICON_NAME = AppIcon;
				INFOPLIST_FILE = movingBetweenScreens/Info.plist;
				LD_RUNPATH_SEARCH_PATHS = "$(inherited) @executable_path/Frameworks";
				PRODUCT_BUNDLE_IDENTIFIER = edu.alexa.hackeru.movingBetweenScreens;
				PRODUCT_NAME = "$(TARGET_NAME)";
			};
			name = Release;
		};
/* End XCBuildConfiguration section */

/* Begin XCConfigurationList section */
		6D2E68451CB64F960026BD4B /* Build configuration list for PBXProject "movingBetweenScreens" */ = {
			isa = XCConfigurationList;
			buildConfigurations = (
				6D2E685A1CB64F960026BD4B /* Debug */,
				6D2E685B1CB64F960026BD4B /* Release */,
			);
			defaultConfigurationIsVisible = 0;
			defaultConfigurationName = Release;
		};
		6D2E685C1CB64F960026BD4B /* Build configuration list for PBXNativeTarget "movingBetweenScreens" */ = {
			isa = XCConfigurationList;
			buildConfigurations = (
				6D2E685D1CB64F960026BD4B /* Debug */,
				6D2E685E1CB64F960026BD4B /* Release */,
			);
			defaultConfigurationIsVisible = 0;
		};
/* End XCConfigurationList section */
	};
	rootObject = 6D2E68421CB64F960026BD4B /* Project object */;
}
